{
  "version": 4,
  "terraform_version": "0.15.5",
  "serial": 7,
  "lineage": "c29ed2dc-6e29-9893-30ce-d1d79bfcc7ea",
  "outputs": {},
  "resources": [
    {
      "module": "module.lambda-cloudwatch-trigger",
      "mode": "managed",
      "type": "aws_cloudwatch_event_rule",
      "name": "event_rule",
      "provider": "provider[\"registry.terraform.io/hashicorp/aws\"]",
      "instances": [
        {
          "schema_version": 0,
          "attributes": {
            "arn": "arn:aws:events:eu-north-1:753907798323:rule/terraform-20210616061018990900000001",
            "description": "",
            "event_bus_name": "default",
            "event_pattern": null,
            "id": "terraform-20210616061018990900000001",
            "is_enabled": true,
            "name": "terraform-20210616061018990900000001",
            "name_prefix": "terraform-",
            "role_arn": "",
            "schedule_expression": "cron(0 8,10,13 ? * * *)",
            "tags": {},
            "tags_all": {}
          },
          "sensitive_attributes": [],
          "private": "bnVsbA=="
        }
      ]
    },
    {
      "module": "module.lambda-cloudwatch-trigger",
      "mode": "managed",
      "type": "aws_cloudwatch_event_target",
      "name": "check_at_rate",
      "provider": "provider[\"registry.terraform.io/hashicorp/aws\"]",
      "instances": []
    }
  ]
}
